
Microsoft Visual Studio Solution File, Format Version 12.00
# Visual Studio Version 16
VisualStudioVersion = 16.0.29009.5
MinimumVisualStudioVersion = 10.0.40219.1
Project("{FAE04EC0-301F-11D3-BF4B-00C04F79EFBC}") = "deadlineTrip", "deadlineTrip.csproj", "{84A4CE27-9024-48EE-B109-21E511685684}"
EndProject
Global
	GlobalSection(SolutionConfigurationPlatforms) = preSolution
		Debug|Any CPU = Debug|Any CPU
		Release|Any CPU = Release|Any CPU
	EndGlobalSection
	GlobalSection(ProjectConfigurationPlatforms) = postSolution
		{84A4CE27-9024-48EE-B109-21E511685684}.Debug|Any CPU.ActiveCfg = Debug|Any CPU
		{84A4CE27-9024-48EE-B109-21E511685684}.Debug|Any CPU.Build.0 = Debug|Any CPU
		{84A4CE27-9024-48EE-B109-21E511685684}.Release|Any CPU.ActiveCfg = Release|Any CPU
		{84A4CE27-9024-48EE-B109-21E511685684}.Release|Any CPU.Build.0 = Release|Any CPU
	EndGlobalSection
	GlobalSection(SolutionProperties) = preSolution
		HideSolutionNode = FALSE
	EndGlobalSection
	GlobalSection(ExtensibilityGlobals) = postSolution
		SolutionGuid = {ED4B9925-1C63-47F6-92CB-7E057455CFAD}
	EndGlobalSection
EndGlobal
